
Microsoft Visual Studio Solution File, Format Version 12.00
# Visual Studio Version 17
VisualStudioVersion = 17.0.31903.59
MinimumVisualStudioVersion = 10.0.40219.1
Project("{2150E333-8FDC-42A3-9474-1A3956D46DE8}") = "apps", "apps", "{1787FE1D-075E-9E68-7218-25F1BD1BBEAB}"
EndProject
Project("{2150E333-8FDC-42A3-9474-1A3956D46DE8}") = "dert-api", "dert-api", "{341E818A-FB2E-68AD-9C58-2EC4910E2A4D}"
EndProject
Project("{2150E333-8FDC-42A3-9474-1A3956D46DE8}") = "src", "src", "{C52F0ECC-DF17-E542-4534-2C57D313D143}"
EndProject
Project("{FAE04EC0-301F-11D3-BF4B-00C04F79EFBC}") = "dertinfo-api", "apps\dert-api\src\dertinfo-api\dertinfo-api.csproj", "{293F2B2D-0036-480E-A712-59AB5E763CDD}"
EndProject
Project("{FAE04EC0-301F-11D3-BF4B-00C04F79EFBC}") = "dertinfo-crosscutting", "apps\dert-api\src\dertinfo-crosscutting\dertinfo-crosscutting.csproj", "{A2802A67-84B9-477A-9DCC-64840215A154}"
EndProject
Project("{FAE04EC0-301F-11D3-BF4B-00C04F79EFBC}") = "dertinfo-models", "apps\dert-api\src\dertinfo-models\dertinfo-models.csproj", "{81FC0635-AF76-4387-8936-8BFED40F6443}"
EndProject
Project("{FAE04EC0-301F-11D3-BF4B-00C04F79EFBC}") = "dertinfo-repository", "apps\dert-api\src\dertinfo-repository\dertinfo-repository.csproj", "{7F197CB0-16A7-4EF9-B864-5F88CFE550EA}"
EndProject
Project("{FAE04EC0-301F-11D3-BF4B-00C04F79EFBC}") = "dertinfo-services", "apps\dert-api\src\dertinfo-services\dertinfo-services.csproj", "{36A1CD82-31BD-4CC1-8012-5F8DB1C9F42F}"
EndProject
Project("{FAE04EC0-301F-11D3-BF4B-00C04F79EFBC}") = "dertinfo-api.utests", "apps\dert-api\src\dertinfo-api.utests\dertinfo-api.utests.csproj", "{1D8590BA-3207-4CD3-9486-FE418FA6809B}"
EndProject
Project("{FAE04EC0-301F-11D3-BF4B-00C04F79EFBC}") = "dertinfo-api.itests", "apps\dert-api\src\dertinfo-api.itests\dertinfo-api.itests.csproj", "{39E2636A-666D-4EC7-A290-12FE5E2B98F0}"
EndProject
Project("{FAE04EC0-301F-11D3-BF4B-00C04F79EFBC}") = "dertinfo-repository.utests", "apps\dert-api\src\dertinfo-repository.utests\dertinfo-repository.utests.csproj", "{D75C455D-1E51-4872-9914-BB94FA72DB5C}"
EndProject
Project("{FAE04EC0-301F-11D3-BF4B-00C04F79EFBC}") = "dertinfo-services.utests", "apps\dert-api\src\dertinfo-services.utests\dertinfo-services.utests.csproj", "{FCC9AC6C-A7CD-4847-AA73-0BCD01467E3A}"
EndProject
Project("{2150E333-8FDC-42A3-9474-1A3956D46DE8}") = "dert-functions", "dert-functions", "{289C7F05-A130-83EB-BEDD-5FF167CAC4B9}"
EndProject
Project("{2150E333-8FDC-42A3-9474-1A3956D46DE8}") = "src", "src", "{602AE382-4ADD-4F31-4170-057E4D18D46B}"
EndProject
Project("{2150E333-8FDC-42A3-9474-1A3956D46DE8}") = "dertinfo-image-resize", "dertinfo-image-resize", "{0A1235ED-CF4B-A426-78D0-C127BF416BC3}"
EndProject
Project("{FAE04EC0-301F-11D3-BF4B-00C04F79EFBC}") = "DertInfoImageResizeV4", "apps\dert-functions\src\dertinfo-image-resize\DertInfoImageResizeV4.csproj", "{BA2105F1-AD9B-4F26-B177-646B55A158D9}"
EndProject
Global
	GlobalSection(SolutionConfigurationPlatforms) = preSolution
		Debug|Any CPU = Debug|Any CPU
		Debug|x64 = Debug|x64
		Debug|x86 = Debug|x86
		Release|Any CPU = Release|Any CPU
		Release|x64 = Release|x64
		Release|x86 = Release|x86
	EndGlobalSection
	GlobalSection(ProjectConfigurationPlatforms) = postSolution
		{293F2B2D-0036-480E-A712-59AB5E763CDD}.Debug|Any CPU.ActiveCfg = Debug|Any CPU
		{293F2B2D-0036-480E-A712-59AB5E763CDD}.Debug|Any CPU.Build.0 = Debug|Any CPU
		{293F2B2D-0036-480E-A712-59AB5E763CDD}.Debug|x64.ActiveCfg = Debug|Any CPU
		{293F2B2D-0036-480E-A712-59AB5E763CDD}.Debug|x64.Build.0 = Debug|Any CPU
		{293F2B2D-0036-480E-A712-59AB5E763CDD}.Debug|x86.ActiveCfg = Debug|Any CPU
		{293F2B2D-0036-480E-A712-59AB5E763CDD}.Debug|x86.Build.0 = Debug|Any CPU
		{293F2B2D-0036-480E-A712-59AB5E763CDD}.Release|Any CPU.ActiveCfg = Release|Any CPU
		{293F2B2D-0036-480E-A712-59AB5E763CDD}.Release|Any CPU.Build.0 = Release|Any CPU
		{293F2B2D-0036-480E-A712-59AB5E763CDD}.Release|x64.ActiveCfg = Release|Any CPU
		{293F2B2D-0036-480E-A712-59AB5E763CDD}.Release|x64.Build.0 = Release|Any CPU
		{293F2B2D-0036-480E-A712-59AB5E763CDD}.Release|x86.ActiveCfg = Release|Any CPU
		{293F2B2D-0036-480E-A712-59AB5E763CDD}.Release|x86.Build.0 = Release|Any CPU
		{A2802A67-84B9-477A-9DCC-64840215A154}.Debug|Any CPU.ActiveCfg = Debug|Any CPU
		{A2802A67-84B9-477A-9DCC-64840215A154}.Debug|Any CPU.Build.0 = Debug|Any CPU
		{A2802A67-84B9-477A-9DCC-64840215A154}.Debug|x64.ActiveCfg = Debug|Any CPU
		{A2802A67-84B9-477A-9DCC-64840215A154}.Debug|x64.Build.0 = Debug|Any CPU
		{A2802A67-84B9-477A-9DCC-64840215A154}.Debug|x86.ActiveCfg = Debug|Any CPU
		{A2802A67-84B9-477A-9DCC-64840215A154}.Debug|x86.Build.0 = Debug|Any CPU
		{A2802A67-84B9-477A-9DCC-64840215A154}.Release|Any CPU.ActiveCfg = Release|Any CPU
		{A2802A67-84B9-477A-9DCC-64840215A154}.Release|Any CPU.Build.0 = Release|Any CPU
		{A2802A67-84B9-477A-9DCC-64840215A154}.Release|x64.ActiveCfg = Release|Any CPU
		{A2802A67-84B9-477A-9DCC-64840215A154}.Release|x64.Build.0 = Release|Any CPU
		{A2802A67-84B9-477A-9DCC-64840215A154}.Release|x86.ActiveCfg = Release|Any CPU
		{A2802A67-84B9-477A-9DCC-64840215A154}.Release|x86.Build.0 = Release|Any CPU
		{81FC0635-AF76-4387-8936-8BFED40F6443}.Debug|Any CPU.ActiveCfg = Debug|Any CPU
		{81FC0635-AF76-4387-8936-8BFED40F6443}.Debug|Any CPU.Build.0 = Debug|Any CPU
		{81FC0635-AF76-4387-8936-8BFED40F6443}.Debug|x64.ActiveCfg = Debug|Any CPU
		{81FC0635-AF76-4387-8936-8BFED40F6443}.Debug|x64.Build.0 = Debug|Any CPU
		{81FC0635-AF76-4387-8936-8BFED40F6443}.Debug|x86.ActiveCfg = Debug|Any CPU
		{81FC0635-AF76-4387-8936-8BFED40F6443}.Debug|x86.Build.0 = Debug|Any CPU
		{81FC0635-AF76-4387-8936-8BFED40F6443}.Release|Any CPU.ActiveCfg = Release|Any CPU
		{81FC0635-AF76-4387-8936-8BFED40F6443}.Release|Any CPU.Build.0 = Release|Any CPU
		{81FC0635-AF76-4387-8936-8BFED40F6443}.Release|x64.ActiveCfg = Release|Any CPU
		{81FC0635-AF76-4387-8936-8BFED40F6443}.Release|x64.Build.0 = Release|Any CPU
		{81FC0635-AF76-4387-8936-8BFED40F6443}.Release|x86.ActiveCfg = Release|Any CPU
		{81FC0635-AF76-4387-8936-8BFED40F6443}.Release|x86.Build.0 = Release|Any CPU
		{7F197CB0-16A7-4EF9-B864-5F88CFE550EA}.Debug|Any CPU.ActiveCfg = Debug|Any CPU
		{7F197CB0-16A7-4EF9-B864-5F88CFE550EA}.Debug|Any CPU.Build.0 = Debug|Any CPU
		{7F197CB0-16A7-4EF9-B864-5F88CFE550EA}.Debug|x64.ActiveCfg = Debug|Any CPU
		{7F197CB0-16A7-4EF9-B864-5F88CFE550EA}.Debug|x64.Build.0 = Debug|Any CPU
		{7F197CB0-16A7-4EF9-B864-5F88CFE550EA}.Debug|x86.ActiveCfg = Debug|Any CPU
		{7F197CB0-16A7-4EF9-B864-5F88CFE550EA}.Debug|x86.Build.0 = Debug|Any CPU
		{7F197CB0-16A7-4EF9-B864-5F88CFE550EA}.Release|Any CPU.ActiveCfg = Release|Any CPU
		{7F197CB0-16A7-4EF9-B864-5F88CFE550EA}.Release|Any CPU.Build.0 = Release|Any CPU
		{7F197CB0-16A7-4EF9-B864-5F88CFE550EA}.Release|x64.ActiveCfg = Release|Any CPU
		{7F197CB0-16A7-4EF9-B864-5F88CFE550EA}.Release|x64.Build.0 = Release|Any CPU
		{7F197CB0-16A7-4EF9-B864-5F88CFE550EA}.Release|x86.ActiveCfg = Release|Any CPU
		{7F197CB0-16A7-4EF9-B864-5F88CFE550EA}.Release|x86.Build.0 = Release|Any CPU
		{36A1CD82-31BD-4CC1-8012-5F8DB1C9F42F}.Debug|Any CPU.ActiveCfg = Debug|Any CPU
		{36A1CD82-31BD-4CC1-8012-5F8DB1C9F42F}.Debug|Any CPU.Build.0 = Debug|Any CPU
		{36A1CD82-31BD-4CC1-8012-5F8DB1C9F42F}.Debug|x64.ActiveCfg = Debug|Any CPU
		{36A1CD82-31BD-4CC1-8012-5F8DB1C9F42F}.Debug|x64.Build.0 = Debug|Any CPU
		{36A1CD82-31BD-4CC1-8012-5F8DB1C9F42F}.Debug|x86.ActiveCfg = Debug|Any CPU
		{36A1CD82-31BD-4CC1-8012-5F8DB1C9F42F}.Debug|x86.Build.0 = Debug|Any CPU
		{36A1CD82-31BD-4CC1-8012-5F8DB1C9F42F}.Release|Any CPU.ActiveCfg = Release|Any CPU
		{36A1CD82-31BD-4CC1-8012-5F8DB1C9F42F}.Release|Any CPU.Build.0 = Release|Any CPU
		{36A1CD82-31BD-4CC1-8012-5F8DB1C9F42F}.Release|x64.ActiveCfg = Release|Any CPU
		{36A1CD82-31BD-4CC1-8012-5F8DB1C9F42F}.Release|x64.Build.0 = Release|Any CPU
		{36A1CD82-31BD-4CC1-8012-5F8DB1C9F42F}.Release|x86.ActiveCfg = Release|Any CPU
		{36A1CD82-31BD-4CC1-8012-5F8DB1C9F42F}.Release|x86.Build.0 = Release|Any CPU
		{1D8590BA-3207-4CD3-9486-FE418FA6809B}.Debug|Any CPU.ActiveCfg = Debug|Any CPU
		{1D8590BA-3207-4CD3-9486-FE418FA6809B}.Debug|Any CPU.Build.0 = Debug|Any CPU
		{1D8590BA-3207-4CD3-9486-FE418FA6809B}.Debug|x64.ActiveCfg = Debug|Any CPU
		{1D8590BA-3207-4CD3-9486-FE418FA6809B}.Debug|x64.Build.0 = Debug|Any CPU
		{1D8590BA-3207-4CD3-9486-FE418FA6809B}.Debug|x86.ActiveCfg = Debug|Any CPU
		{1D8590BA-3207-4CD3-9486-FE418FA6809B}.Debug|x86.Build.0 = Debug|Any CPU
		{1D8590BA-3207-4CD3-9486-FE418FA6809B}.Release|Any CPU.ActiveCfg = Release|Any CPU
		{1D8590BA-3207-4CD3-9486-FE418FA6809B}.Release|Any CPU.Build.0 = Release|Any CPU
		{1D8590BA-3207-4CD3-9486-FE418FA6809B}.Release|x64.ActiveCfg = Release|Any CPU
		{1D8590BA-3207-4CD3-9486-FE418FA6809B}.Release|x64.Build.0 = Release|Any CPU
		{1D8590BA-3207-4CD3-9486-FE418FA6809B}.Release|x86.ActiveCfg = Release|Any CPU
		{1D8590BA-3207-4CD3-9486-FE418FA6809B}.Release|x86.Build.0 = Release|Any CPU
		{39E2636A-666D-4EC7-A290-12FE5E2B98F0}.Debug|Any CPU.ActiveCfg = Debug|Any CPU
		{39E2636A-666D-4EC7-A290-12FE5E2B98F0}.Debug|Any CPU.Build.0 = Debug|Any CPU
		{39E2636A-666D-4EC7-A290-12FE5E2B98F0}.Debug|x64.ActiveCfg = Debug|Any CPU
		{39E2636A-666D-4EC7-A290-12FE5E2B98F0}.Debug|x64.Build.0 = Debug|Any CPU
		{39E2636A-666D-4EC7-A290-12FE5E2B98F0}.Debug|x86.ActiveCfg = Debug|Any CPU
		{39E2636A-666D-4EC7-A290-12FE5E2B98F0}.Debug|x86.Build.0 = Debug|Any CPU
		{39E2636A-666D-4EC7-A290-12FE5E2B98F0}.Release|Any CPU.ActiveCfg = Release|Any CPU
		{39E2636A-666D-4EC7-A290-12FE5E2B98F0}.Release|Any CPU.Build.0 = Release|Any CPU
		{39E2636A-666D-4EC7-A290-12FE5E2B98F0}.Release|x64.ActiveCfg = Release|Any CPU
		{39E2636A-666D-4EC7-A290-12FE5E2B98F0}.Release|x64.Build.0 = Release|Any CPU
		{39E2636A-666D-4EC7-A290-12FE5E2B98F0}.Release|x86.ActiveCfg = Release|Any CPU
		{39E2636A-666D-4EC7-A290-12FE5E2B98F0}.Release|x86.Build.0 = Release|Any CPU
		{D75C455D-1E51-4872-9914-BB94FA72DB5C}.Debug|Any CPU.ActiveCfg = Debug|Any CPU
		{D75C455D-1E51-4872-9914-BB94FA72DB5C}.Debug|Any CPU.Build.0 = Debug|Any CPU
		{D75C455D-1E51-4872-9914-BB94FA72DB5C}.Debug|x64.ActiveCfg = Debug|Any CPU
		{D75C455D-1E51-4872-9914-BB94FA72DB5C}.Debug|x64.Build.0 = Debug|Any CPU
		{D75C455D-1E51-4872-9914-BB94FA72DB5C}.Debug|x86.ActiveCfg = Debug|Any CPU
		{D75C455D-1E51-4872-9914-BB94FA72DB5C}.Debug|x86.Build.0 = Debug|Any CPU
		{D75C455D-1E51-4872-9914-BB94FA72DB5C}.Release|Any CPU.ActiveCfg = Release|Any CPU
		{D75C455D-1E51-4872-9914-BB94FA72DB5C}.Release|Any CPU.Build.0 = Release|Any CPU
		{D75C455D-1E51-4872-9914-BB94FA72DB5C}.Release|x64.ActiveCfg = Release|Any CPU
		{D75C455D-1E51-4872-9914-BB94FA72DB5C}.Release|x64.Build.0 = Release|Any CPU
		{D75C455D-1E51-4872-9914-BB94FA72DB5C}.Release|x86.ActiveCfg = Release|Any CPU
		{D75C455D-1E51-4872-9914-BB94FA72DB5C}.Release|x86.Build.0 = Release|Any CPU
		{FCC9AC6C-A7CD-4847-AA73-0BCD01467E3A}.Debug|Any CPU.ActiveCfg = Debug|Any CPU
		{FCC9AC6C-A7CD-4847-AA73-0BCD01467E3A}.Debug|Any CPU.Build.0 = Debug|Any CPU
		{FCC9AC6C-A7CD-4847-AA73-0BCD01467E3A}.Debug|x64.ActiveCfg = Debug|Any CPU
		{FCC9AC6C-A7CD-4847-AA73-0BCD01467E3A}.Debug|x64.Build.0 = Debug|Any CPU
		{FCC9AC6C-A7CD-4847-AA73-0BCD01467E3A}.Debug|x86.ActiveCfg = Debug|Any CPU
		{FCC9AC6C-A7CD-4847-AA73-0BCD01467E3A}.Debug|x86.Build.0 = Debug|Any CPU
		{FCC9AC6C-A7CD-4847-AA73-0BCD01467E3A}.Release|Any CPU.ActiveCfg = Release|Any CPU
		{FCC9AC6C-A7CD-4847-AA73-0BCD01467E3A}.Release|Any CPU.Build.0 = Release|Any CPU
		{FCC9AC6C-A7CD-4847-AA73-0BCD01467E3A}.Release|x64.ActiveCfg = Release|Any CPU
		{FCC9AC6C-A7CD-4847-AA73-0BCD01467E3A}.Release|x64.Build.0 = Release|Any CPU
		{FCC9AC6C-A7CD-4847-AA73-0BCD01467E3A}.Release|x86.ActiveCfg = Release|Any CPU
		{FCC9AC6C-A7CD-4847-AA73-0BCD01467E3A}.Release|x86.Build.0 = Release|Any CPU
		{BA2105F1-AD9B-4F26-B177-646B55A158D9}.Debug|Any CPU.ActiveCfg = Debug|Any CPU
		{BA2105F1-AD9B-4F26-B177-646B55A158D9}.Debug|Any CPU.Build.0 = Debug|Any CPU
		{BA2105F1-AD9B-4F26-B177-646B55A158D9}.Debug|x64.ActiveCfg = Debug|Any CPU
		{BA2105F1-AD9B-4F26-B177-646B55A158D9}.Debug|x64.Build.0 = Debug|Any CPU
		{BA2105F1-AD9B-4F26-B177-646B55A158D9}.Debug|x86.ActiveCfg = Debug|Any CPU
		{BA2105F1-AD9B-4F26-B177-646B55A158D9}.Debug|x86.Build.0 = Debug|Any CPU
		{BA2105F1-AD9B-4F26-B177-646B55A158D9}.Release|Any CPU.ActiveCfg = Release|Any CPU
		{BA2105F1-AD9B-4F26-B177-646B55A158D9}.Release|Any CPU.Build.0 = Release|Any CPU
		{BA2105F1-AD9B-4F26-B177-646B55A158D9}.Release|x64.ActiveCfg = Release|Any CPU
		{BA2105F1-AD9B-4F26-B177-646B55A158D9}.Release|x64.Build.0 = Release|Any CPU
		{BA2105F1-AD9B-4F26-B177-646B55A158D9}.Release|x86.ActiveCfg = Release|Any CPU
		{BA2105F1-AD9B-4F26-B177-646B55A158D9}.Release|x86.Build.0 = Release|Any CPU
	EndGlobalSection
	GlobalSection(SolutionProperties) = preSolution
		HideSolutionNode = FALSE
	EndGlobalSection
	GlobalSection(NestedProjects) = preSolution
		{341E818A-FB2E-68AD-9C58-2EC4910E2A4D} = {1787FE1D-075E-9E68-7218-25F1BD1BBEAB}
		{C52F0ECC-DF17-E542-4534-2C57D313D143} = {341E818A-FB2E-68AD-9C58-2EC4910E2A4D}
		{293F2B2D-0036-480E-A712-59AB5E763CDD} = {C52F0ECC-DF17-E542-4534-2C57D313D143}
		{A2802A67-84B9-477A-9DCC-64840215A154} = {C52F0ECC-DF17-E542-4534-2C57D313D143}
		{81FC0635-AF76-4387-8936-8BFED40F6443} = {C52F0ECC-DF17-E542-4534-2C57D313D143}
		{7F197CB0-16A7-4EF9-B864-5F88CFE550EA} = {C52F0ECC-DF17-E542-4534-2C57D313D143}
		{36A1CD82-31BD-4CC1-8012-5F8DB1C9F42F} = {C52F0ECC-DF17-E542-4534-2C57D313D143}
		{1D8590BA-3207-4CD3-9486-FE418FA6809B} = {C52F0ECC-DF17-E542-4534-2C57D313D143}
		{39E2636A-666D-4EC7-A290-12FE5E2B98F0} = {C52F0ECC-DF17-E542-4534-2C57D313D143}
		{D75C455D-1E51-4872-9914-BB94FA72DB5C} = {C52F0ECC-DF17-E542-4534-2C57D313D143}
		{FCC9AC6C-A7CD-4847-AA73-0BCD01467E3A} = {C52F0ECC-DF17-E542-4534-2C57D313D143}
		{289C7F05-A130-83EB-BEDD-5FF167CAC4B9} = {1787FE1D-075E-9E68-7218-25F1BD1BBEAB}
		{602AE382-4ADD-4F31-4170-057E4D18D46B} = {289C7F05-A130-83EB-BEDD-5FF167CAC4B9}
		{0A1235ED-CF4B-A426-78D0-C127BF416BC3} = {602AE382-4ADD-4F31-4170-057E4D18D46B}
		{BA2105F1-AD9B-4F26-B177-646B55A158D9} = {0A1235ED-CF4B-A426-78D0-C127BF416BC3}
	EndGlobalSection
EndGlobal
